<?xml version="1.0" encoding="UTF-8"?>
<Scheme LastUpgradeVersion = "2600" version = "1.7">
   <BuildAction parallelizeBuildables = "YES" buildImplicitDependencies = "YES">
      <BuildActionEntries>
         <BuildActionEntry buildForTesting = "YES" buildForRunning = "YES" buildForProfiling = "YES" buildForArchiving = "YES" buildForAnalyzing = "YES">
            <BuildableReference
   BuildableIdentifier = "primary"
   BlueprintIdentifier = "02133EE1B14C6591B7132CB7"
   BuildableName = "TraceHalo.app"
   BlueprintName = "TraceHalo"
   ReferencedContainer = "container:TraceHalo.xcodeproj">
</BuildableReference>
         </BuildActionEntry>
      </BuildActionEntries>
   </BuildAction>
   <TestAction buildConfiguration = "Debug" selectedDebuggerIdentifier = "Xcode.DebuggerFoundation.Debugger.LLDB" selectedLauncherIdentifier = "Xcode.DebuggerFoundation.Launcher.LLDB" shouldUseLaunchSchemeArgsEnv = "YES">
      <Testables/>
   </TestAction>
   <LaunchAction buildConfiguration = "Debug" selectedDebuggerIdentifier = "Xcode.DebuggerFoundation.Debugger.LLDB" selectedLauncherIdentifier = "Xcode.DebuggerFoundation.Launcher.LLDB" launchStyle = "0" useCustomWorkingDirectory = "NO" ignoresPersistentStateOnLaunch = "NO" debugDocumentVersioning = "YES" debugServiceExtension = "internal" allowLocationSimulation = "YES">
        <BuildableProductRunnable runnableDebuggingMode = "0">
     <BuildableReference
   BuildableIdentifier = "primary"
   BlueprintIdentifier = "02133EE1B14C6591B7132CB7"
   BuildableName = "TraceHalo.app"
   BlueprintName = "TraceHalo"
   ReferencedContainer = "container:TraceHalo.xcodeproj">
</BuildableReference>
  </BuildableProductRunnable>
   </LaunchAction>
   <ProfileAction buildConfiguration = "Release" shouldUseLaunchSchemeArgsEnv = "YES" savedToolIdentifier = "" useCustomWorkingDirectory = "NO" debugDocumentVersioning = "YES">
        <BuildableProductRunnable runnableDebuggingMode = "0">
     <BuildableReference
   BuildableIdentifier = "primary"
   BlueprintIdentifier = "02133EE1B14C6591B7132CB7"
   BuildableName = "TraceHalo.app"
   BlueprintName = "TraceHalo"
   ReferencedContainer = "container:TraceHalo.xcodeproj">
</BuildableReference>
  </BuildableProductRunnable>
   </ProfileAction>
   <AnalyzeAction buildConfiguration = "Debug"/>
   <ArchiveAction buildConfiguration = "Release" revealArchiveInOrganizer = "YES"/>
</Scheme>